{
  "name": "telloexisting",
  "version": "1.0.0",
  "lockfileVersion": 2,
  "requires": true,
  "packages": {
    "": {
      "name": "telloexisting",
      "version": "1.0.0",
      "license": "ISC",
      "dependencies": {
        "tellojs": "^0.1.125"
      }
    },
    "node_modules/tellojs": {
      "version": "0.1.125",
      "resolved": "https://registry.npmjs.org/tellojs/-/tellojs-0.1.125.tgz",
      "integrity": "sha512-OGWGWaIsfGOOmaE2JbdSbX7EbNRcq1r2yoJ/qQm5ECL6fuBY7p5zvfIS8DW88346AQrULZB1MRbIHn7wALg8Yw=="
    }
  },
  "dependencies": {
    "tellojs": {
      "version": "0.1.125",
      "resolved": "https://registry.npmjs.org/tellojs/-/tellojs-0.1.125.tgz",
      "integrity": "sha512-OGWGWaIsfGOOmaE2JbdSbX7EbNRcq1r2yoJ/qQm5ECL6fuBY7p5zvfIS8DW88346AQrULZB1MRbIHn7wALg8Yw=="
    }
  }
}
